
Microsoft Visual Studio Solution File, Format Version 12.00
# Visual Studio Version 17
VisualStudioVersion = 17.5.33530.505
MinimumVisualStudioVersion = 10.0.40219.1
Project("{FAE04EC0-301F-11D3-BF4B-00C04F79EFBC}") = "To-Do List API", "To-Do List API\To-Do List API.csproj", "{F2B68D4B-FEA1-47B7-8AD7-F3C6FA91C8C1}"
EndProject
Project("{FAE04EC0-301F-11D3-BF4B-00C04F79EFBC}") = "ToDo.Data", "ToDo.Data\ToDo.Data.csproj", "{40E8D290-B040-48D8-B268-4CADF4FD6084}"
EndProject
Global
	GlobalSection(SolutionConfigurationPlatforms) = preSolution
		Debug|Any CPU = Debug|Any CPU
		Release|Any CPU = Release|Any CPU
	EndGlobalSection
	GlobalSection(ProjectConfigurationPlatforms) = postSolution
		{F2B68D4B-FEA1-47B7-8AD7-F3C6FA91C8C1}.Debug|Any CPU.ActiveCfg = Debug|Any CPU
		{F2B68D4B-FEA1-47B7-8AD7-F3C6FA91C8C1}.Debug|Any CPU.Build.0 = Debug|Any CPU
		{F2B68D4B-FEA1-47B7-8AD7-F3C6FA91C8C1}.Release|Any CPU.ActiveCfg = Release|Any CPU
		{F2B68D4B-FEA1-47B7-8AD7-F3C6FA91C8C1}.Release|Any CPU.Build.0 = Release|Any CPU
		{40E8D290-B040-48D8-B268-4CADF4FD6084}.Debug|Any CPU.ActiveCfg = Debug|Any CPU
		{40E8D290-B040-48D8-B268-4CADF4FD6084}.Debug|Any CPU.Build.0 = Debug|Any CPU
		{40E8D290-B040-48D8-B268-4CADF4FD6084}.Release|Any CPU.ActiveCfg = Release|Any CPU
		{40E8D290-B040-48D8-B268-4CADF4FD6084}.Release|Any CPU.Build.0 = Release|Any CPU
	EndGlobalSection
	GlobalSection(SolutionProperties) = preSolution
		HideSolutionNode = FALSE
	EndGlobalSection
	GlobalSection(ExtensibilityGlobals) = postSolution
		SolutionGuid = {99A330D5-4A02-4CFF-80DF-5524735A8BE6}
	EndGlobalSection
EndGlobal
